
Microsoft Visual Studio Solution File, Format Version 12.00
# Visual Studio Version 17
VisualStudioVersion = 17.7.34031.279
MinimumVisualStudioVersion = 10.0.40219.1
Project("{8BC9CEB8-8B4A-11D0-8D11-00A0C91BC942}") = "Reservation", "Reservation.vcxproj", "{6759038F-788B-469C-9E75-6F1934BF3559}"
EndProject
Global
	GlobalSection(SolutionConfigurationPlatforms) = preSolution
		Debug|x64 = Debug|x64
		Debug|x86 = Debug|x86
		Release|x64 = Release|x64
		Release|x86 = Release|x86
	EndGlobalSection
	GlobalSection(ProjectConfigurationPlatforms) = postSolution
		{6759038F-788B-469C-9E75-6F1934BF3559}.Debug|x64.ActiveCfg = Debug|x64
		{6759038F-788B-469C-9E75-6F1934BF3559}.Debug|x64.Build.0 = Debug|x64
		{6759038F-788B-469C-9E75-6F1934BF3559}.Debug|x86.ActiveCfg = Debug|Win32
		{6759038F-788B-469C-9E75-6F1934BF3559}.Debug|x86.Build.0 = Debug|Win32
		{6759038F-788B-469C-9E75-6F1934BF3559}.Release|x64.ActiveCfg = Release|x64
		{6759038F-788B-469C-9E75-6F1934BF3559}.Release|x64.Build.0 = Release|x64
		{6759038F-788B-469C-9E75-6F1934BF3559}.Release|x86.ActiveCfg = Release|Win32
		{6759038F-788B-469C-9E75-6F1934BF3559}.Release|x86.Build.0 = Release|Win32
	EndGlobalSection
	GlobalSection(SolutionProperties) = preSolution
		HideSolutionNode = FALSE
	EndGlobalSection
	GlobalSection(ExtensibilityGlobals) = postSolution
		SolutionGuid = {0EB2C9A7-6CB8-4738-B114-42498E05E302}
	EndGlobalSection
EndGlobal
